
Microsoft Visual Studio Solution File, Format Version 12.00
# Visual Studio Version 17
VisualStudioVersion = 17.7.34202.233
MinimumVisualStudioVersion = 10.0.40219.1
Project("{FAE04EC0-301F-11D3-BF4B-00C04F79EFBC}") = "Aptech Vision Project", "Aptech Vision Project\Aptech Vision Project.csproj", "{71E4CD60-8B80-4752-8A1F-6AF2C29EC254}"
EndProject
Global
	GlobalSection(SolutionConfigurationPlatforms) = preSolution
		Debug|Any CPU = Debug|Any CPU
		Release|Any CPU = Release|Any CPU
	EndGlobalSection
	GlobalSection(ProjectConfigurationPlatforms) = postSolution
		{71E4CD60-8B80-4752-8A1F-6AF2C29EC254}.Debug|Any CPU.ActiveCfg = Debug|Any CPU
		{71E4CD60-8B80-4752-8A1F-6AF2C29EC254}.Debug|Any CPU.Build.0 = Debug|Any CPU
		{71E4CD60-8B80-4752-8A1F-6AF2C29EC254}.Release|Any CPU.ActiveCfg = Release|Any CPU
		{71E4CD60-8B80-4752-8A1F-6AF2C29EC254}.Release|Any CPU.Build.0 = Release|Any CPU
	EndGlobalSection
	GlobalSection(SolutionProperties) = preSolution
		HideSolutionNode = FALSE
	EndGlobalSection
	GlobalSection(ExtensibilityGlobals) = postSolution
		SolutionGuid = {935D56A6-D7A4-4A60-9FED-4BC188F96BEB}
	EndGlobalSection
EndGlobal
